// !$*UTF8*$!
{
	archiveVersion = 1;
	classes = {
	};
	objectVersion = 46;
	objects = {

/* Begin PBXBuildFile section */
		66FD15C61FD2D9930002BFCF /* AppDelegate.swift in Sources */ = {isa = PBXBuildFile; fileRef = 66FD15C51FD2D9930002BFCF /* AppDelegate.swift */; };
		66FD15C81FD2D9930002BFCF /* ViewController.swift in Sources */ = {isa = PBXBuildFile; fileRef = 66FD15C71FD2D9930002BFCF /* ViewController.swift */; };
		66FD15CB1FD2D9930002BFCF /* Main.storyboard in Resources */ = {isa = PBXBuildFile; fileRef = 66FD15C91FD2D9930002BFCF /* Main.storyboard */; };
		66FD15CD1FD2D9930002BFCF /* Assets.xcassets in Resources */ = {isa = PBXBuildFile; fileRef = 66FD15CC1FD2D9930002BFCF /* Assets.xcassets */; };
		66FD15D01FD2D9930002BFCF /* LaunchScreen.storyboard in Resources */ = {isa = PBXBuildFile; fileRef = 66FD15CE1FD2D9930002BFCF /* LaunchScreen.storyboard */; };
/* End PBXBuildFile section */

/* Begin PBXFileReference section */
		66FD15C21FD2D9930002BFCF /* Eight Ball Game.app */ = {isa = PBXFileReference; explicitFileType = wrapper.application; includeInIndex = 0; path = "Eight Ball Game.app"; sourceTree = BUILT_PRODUCTS_DIR; };
		66FD15C51FD2D9930002BFCF /* AppDelegate.swift */ = {isa = PBXFileReference; lastKnownFileType = sourcecode.swift; path = AppDelegate.swift; sourceTree = "<group>"; };
		66FD15C71FD2D9930002BFCF /* ViewController.swift */ = {isa = PBXFileReference; lastKnownFileType = sourcecode.swift; path = ViewController.swift; sourceTree = "<group>"; };
		66FD15CA1FD2D9930002BFCF /* Base */ = {isa = PBXFileReference; lastKnownFileType = file.storyboard; name = Base; path = Base.lproj/Main.storyboard; sourceTree = "<group>"; };
		66FD15CC1FD2D9930002BFCF /* Assets.xcassets */ = {isa = PBXFileReference; lastKnownFileType = folder.assetcatalog; path = Assets.xcassets; sourceTree = "<group>"; };
		66FD15CF1FD2D9930002BFCF /* Base */ = {isa = PBXFileReference; lastKnownFileType = file.storyboard; name = Base; path = Base.lproj/LaunchScreen.storyboard; sourceTree = "<group>"; };
		66FD15D11FD2D9930002BFCF /* Info.plist */ = {isa = PBXFileReference; lastKnownFileType = text.plist.xml; path = Info.plist; sourceTree = "<group>"; };
/* End PBXFileReference section */

/* Begin PBXFrameworksBuildPhase section */
		66FD15BF1FD2D9930002BFCF /* Frameworks */ = {
			isa = PBXFrameworksBuildPhase;
			buildActionMask = 2147483647;
			files = (
			);
			runOnlyForDeploymentPostprocessing = 0;
		};
/* End PBXFrameworksBuildPhase section */

/* Begin PBXGroup section */
		66FD15B91FD2D9930002BFCF = {
			isa = PBXGroup;
			children = (
				66FD15C41FD2D9930002BFCF /* Eight Ball Game */,
				66FD15C31FD2D9930002BFCF /* Products */,
			);
			sourceTree = "<group>";
		};
		66FD15C31FD2D9930002BFCF /* Products */ = {
			isa = PBXGroup;
			children = (
				66FD15C21FD2D9930002BFCF /* Eight Ball Game.app */,
			);
			name = Products;
			sourceTree = "<group>";
		};
		66FD15C41FD2D9930002BFCF /* Eight Ball Game */ = {
			isa = PBXGroup;
			children = (
				66FD15C51FD2D9930002BFCF /* AppDelegate.swift */,
				66FD15C71FD2D9930002BFCF /* ViewController.swift */,
				66FD15C91FD2D9930002BFCF /* Main.storyboard */,
				66FD15CC1FD2D9930002BFCF /* Assets.xcassets */,
				66FD15CE1FD2D9930002BFCF /* LaunchScreen.storyboard */,
				66FD15D11FD2D9930002BFCF /* Info.plist */,
			);
			path = "Eight Ball Game";
			sourceTree = "<group>";
		};
/* End PBXGroup section */

/* Begin PBXNativeTarget section */
		66FD15C11FD2D9930002BFCF /* Eight Ball Game */ = {
			isa = PBXNativeTarget;
			buildConfigurationList = 66FD15D41FD2D9930002BFCF /* Build configuration list for PBXNativeTarget "Eight Ball Game" */;
			buildPhases = (
				66FD15BE1FD2D9930002BFCF /* Sources */,
				66FD15BF1FD2D9930002BFCF /* Frameworks */,
				66FD15C01FD2D9930002BFCF /* Resources */,
			);
			buildRules = (
			);
			dependencies = (
			);
			name = "Eight Ball Game";
			productName = "Eight Ball Game";
			productReference = 66FD15C21FD2D9930002BFCF /* Eight Ball Game.app */;
			productType = "com.apple.product-type.application";
		};
/* End PBXNativeTarget section */

/* Begin PBXProject section */
		66FD15BA1FD2D9930002BFCF /* Project object */ = {
			isa = PBXProject;
			attributes = {
				LastSwiftUpdateCheck = 0830;
				LastUpgradeCheck = 0830;
				ORGANIZATIONNAME = "Shinto Joseph";
				TargetAttributes = {
					66FD15C11FD2D9930002BFCF = {
						CreatedOnToolsVersion = 8.3.2;
						ProvisioningStyle = Automatic;
					};
				};
			};
			buildConfigurationList = 66FD15BD1FD2D9930002BFCF /* Build configuration list for PBXProject "Eight Ball Game" */;
			compatibilityVersion = "Xcode 3.2";
			developmentRegion = English;
			hasScannedForEncodings = 0;
			knownRegions = (
				en,
				Base,
			);
			mainGroup = 66FD15B91FD2D9930002BFCF;
			productRefGroup = 66FD15C31FD2D9930002BFCF /* Products */;
			projectDirPath = "";
			projectRoot = "";
			targets = (
				66FD15C11FD2D9930002BFCF /* Eight Ball Game */,
			);
		};
/* End PBXProject section */

/* Begin PBXResourcesBuildPhase section */
		66FD15C01FD2D9930002BFCF /* Resources */ = {
			isa = PBXResourcesBuildPhase;
			buildActionMask = 2147483647;
			files = (
				66FD15D01FD2D9930002BFCF /* LaunchScreen.storyboard in Resources */,
				66FD15CD1FD2D9930002BFCF /* Assets.xcassets in Resources */,
				66FD15CB1FD2D9930002BFCF /* Main.storyboard in Resources */,
			);
			runOnlyForDeploymentPostprocessing = 0;
		};
/* End PBXResourcesBuildPhase section */

/* Begin PBXSourcesBuildPhase section */
		66FD15BE1FD2D9930002BFCF /* Sources */ = {
			isa = PBXSourcesBuildPhase;
			buildActionMask = 2147483647;
			files = (
				66FD15C81FD2D9930002BFCF /* ViewController.swift in Sources */,
				66FD15C61FD2D9930002BFCF /* AppDelegate.swift in Sources */,
			);
			runOnlyForDeploymentPostprocessing = 0;
		};
/* End PBXSourcesBuildPhase section */

/* Begin PBXVariantGroup section */
		66FD15C91FD2D9930002BFCF /* Main.storyboard */ = {
			isa = PBXVariantGroup;
			children = (
				66FD15CA1FD2D9930002BFCF /* Base */,
			);
			name = Main.storyboard;
			sourceTree = "<group>";
		};
		66FD15CE1FD2D9930002BFCF /* LaunchScreen.storyboard */ = {
			isa = PBXVariantGroup;
			children = (
				66FD15CF1FD2D9930002BFCF /* Base */,
			);
			name = LaunchScreen.storyboard;
			sourceTree = "<group>";
		};
/* End PBXVariantGroup section */

/* Begin XCBuildConfiguration section */
		66FD15D21FD2D9930002BFCF /* Debug */ = {
			isa = XCBuildConfiguration;
			buildSettings = {
				ALWAYS_SEARCH_USER_PATHS = NO;
				CLANG_ANALYZER_NONNULL = YES;
				CLANG_ANALYZER_NUMBER_OBJECT_CONVERSION = YES_AGGRESSIVE;
				CLANG_CXX_LANGUAGE_STANDARD = "gnu++0x";
				CLANG_CXX_LIBRARY = "libc++";
				CLANG_ENABLE_MODULES = YES;
				CLANG_ENABLE_OBJC_ARC = YES;
				CLANG_WARN_BOOL_CONVERSION = YES;
				CLANG_WARN_CONSTANT_CONVERSION = YES;
				CLANG_WARN_DIRECT_OBJC_ISA_USAGE = YES_ERROR;
				CLANG_WARN_DOCUMENTATION_COMMENTS = YES;
				CLANG_WARN_EMPTY_BODY = YES;
				CLANG_WARN_ENUM_CONVERSION = YES;
				CLANG_WARN_INFINITE_RECURSION = YES;
				CLANG_WARN_INT_CONVERSION = YES;
				CLANG_WARN_OBJC_ROOT_CLASS = YES_ERROR;
				CLANG_WARN_SUSPICIOUS_MOVE = YES;
				CLANG_WARN_UNREACHABLE_CODE = YES;
				CLANG_WARN__DUPLICATE_METHOD_MATCH = YES;
				"CODE_SIGN_IDENTITY[sdk=iphoneos*]" = "iPhone Developer";
				COPY_PHASE_STRIP = NO;
				DEBUG_INFORMATION_FORMAT = dwarf;
				ENABLE_STRICT_OBJC_MSGSEND = YES;
				ENABLE_TESTABILITY = YES;
				GCC_C_LANGUAGE_STANDARD = gnu99;
				GCC_DYNAMIC_NO_PIC = NO;
				GCC_NO_COMMON_BLOCKS = YES;
				GCC_OPTIMIZATION_LEVEL = 0;
				GCC_PREPROCESSOR_DEFINITIONS = (
					"DEBUG=1",
					"$(inherited)",
				);
				GCC_WARN_64_TO_32_BIT_CONVERSION = YES;
				GCC_WARN_ABOUT_RETURN_TYPE = YES_ERROR;
				GCC_WARN_UNDECLARED_SELECTOR = YES;
				GCC_WARN_UNINITIALIZED_AUTOS = YES_AGGRESSIVE;
				GCC_WARN_UNUSED_FUNCTION = YES;
				GCC_WARN_UNUSED_VARIABLE = YES;
				IPHONEOS_DEPLOYMENT_TARGET = 10.3;
				MTL_ENABLE_DEBUG_INFO = YES;
				ONLY_ACTIVE_ARCH = YES;
				SDKROOT = iphoneos;
				SWIFT_ACTIVE_COMPILATION_CONDITIONS = DEBUG;
				SWIFT_OPTIMIZATION_LEVEL = "-Onone";
			};
			name = Debug;
		};
		66FD15D31FD2D9930002BFCF /* Release */ = {
			isa = XCBuildConfiguration;
			buildSettings = {
				ALWAYS_SEARCH_USER_PATHS = NO;
				CLANG_ANALYZER_NONNULL = YES;
				CLANG_ANALYZER_NUMBER_OBJECT_CONVERSION = YES_AGGRESSIVE;
				CLANG_CXX_LANGUAGE_STANDARD = "gnu++0x";
				CLANG_CXX_LIBRARY = "libc++";
				CLANG_ENABLE_MODULES = YES;
				CLANG_ENABLE_OBJC_ARC = YES;
				CLANG_WARN_BOOL_CONVERSION = YES;
				CLANG_WARN_CONSTANT_CONVERSION = YES;
				CLANG_WARN_DIRECT_OBJC_ISA_USAGE = YES_ERROR;
				CLANG_WARN_DOCUMENTATION_COMMENTS = YES;
				CLANG_WARN_EMPTY_BODY = YES;
				CLANG_WARN_ENUM_CONVERSION = YES;
				CLANG_WARN_INFINITE_RECURSION = YES;
				CLANG_WARN_INT_CONVERSION = YES;
				CLANG_WARN_OBJC_ROOT_CLASS = YES_ERROR;
				CLANG_WARN_SUSPICIOUS_MOVE = YES;
				CLANG_WARN_UNREACHABLE_CODE = YES;
				CLANG_WARN__DUPLICATE_METHOD_MATCH = YES;
				"CODE_SIGN_IDENTITY[sdk=iphoneos*]" = "iPhone Developer";
				COPY_PHASE_STRIP = NO;
				DEBUG_INFORMATION_FORMAT = "dwarf-with-dsym";
				ENABLE_NS_ASSERTIONS = NO;
				ENABLE_STRICT_OBJC_MSGSEND = YES;
				GCC_C_LANGUAGE_STANDARD = gnu99;
				GCC_NO_COMMON_BLOCKS = YES;
				GCC_WARN_64_TO_32_BIT_CONVERSION = YES;
				GCC_WARN_ABOUT_RETURN_TYPE = YES_ERROR;
				GCC_WARN_UNDECLARED_SELECTOR = YES;
				GCC_WARN_UNINITIALIZED_AUTOS = YES_AGGRESSIVE;
				GCC_WARN_UNUSED_FUNCTION = YES;
				GCC_WARN_UNUSED_VARIABLE = YES;
				IPHONEOS_DEPLOYMENT_TARGET = 10.3;
				MTL_ENABLE_DEBUG_INFO = NO;
				SDKROOT = iphoneos;
				SWIFT_OPTIMIZATION_LEVEL = "-Owholemodule";
				VALIDATE_PRODUCT = YES;
			};
			name = Release;
		};
		66FD15D51FD2D9930002BFCF /* Debug */ = {
			isa = XCBuildConfiguration;
			buildSettings = {
				ASSETCATALOG_COMPILER_APPICON_NAME = AppIcon;
				INFOPLIST_FILE = "Eight Ball Game/Info.plist";
				LD_RUNPATH_SEARCH_PATHS = "$(inherited) @executable_path/Frameworks";
				PRODUCT_BUNDLE_IDENTIFIER = "shintoishere.Eight-Ball-Game";
				PRODUCT_NAME = "$(TARGET_NAME)";
				SWIFT_VERSION = 3.0;
			};
			name = Debug;
		};
		66FD15D61FD2D9930002BFCF /* Release */ = {
			isa = XCBuildConfiguration;
			buildSettings = {
				ASSETCATALOG_COMPILER_APPICON_NAME = AppIcon;
				INFOPLIST_FILE = "Eight Ball Game/Info.plist";
				LD_RUNPATH_SEARCH_PATHS = "$(inherited) @executable_path/Frameworks";
				PRODUCT_BUNDLE_IDENTIFIER = "shintoishere.Eight-Ball-Game";
				PRODUCT_NAME = "$(TARGET_NAME)";
				SWIFT_VERSION = 3.0;
			};
			name = Release;
		};
/* End XCBuildConfiguration section */

/* Begin XCConfigurationList section */
		66FD15BD1FD2D9930002BFCF /* Build configuration list for PBXProject "Eight Ball Game" */ = {
			isa = XCConfigurationList;
			buildConfigurations = (
				66FD15D21FD2D9930002BFCF /* Debug */,
				66FD15D31FD2D9930002BFCF /* Release */,
			);
			defaultConfigurationIsVisible = 0;
			defaultConfigurationName = Release;
		};
		66FD15D41FD2D9930002BFCF /* Build configuration list for PBXNativeTarget "Eight Ball Game" */ = {
			isa = XCConfigurationList;
			buildConfigurations = (
				66FD15D51FD2D9930002BFCF /* Debug */,
				66FD15D61FD2D9930002BFCF /* Release */,
			);
			defaultConfigurationIsVisible = 0;
		};
/* End XCConfigurationList section */
	};
	rootObject = 66FD15BA1FD2D9930002BFCF /* Project object */;
}
